<?xml version="1.0" encoding="utf-8"?>
<Project ToolsVersion="4.0" xmlns="http://schemas.microsoft.com/developer/msbuild/2003">
  <ItemGroup>
    <Filter Include="ソース ファイル">
      <UniqueIdentifier>{4FC737F1-C7A5-4376-A066-2A32D752A2FF}</UniqueIdentifier>
      <Extensions>cpp;c;cc;cxx;c++;cppm;ixx;def;odl;idl;hpj;bat;asm;asmx</Extensions>
    </Filter>
    <Filter Include="ヘッダー ファイル">
      <UniqueIdentifier>{93995380-89BD-4b04-88EB-625FBE52EBFB}</UniqueIdentifier>
      <Extensions>h;hh;hpp;hxx;h++;hm;inl;inc;ipp;xsd</Extensions>
    </Filter>
    <Filter Include="リソース ファイル">
      <UniqueIdentifier>{67DA6AB6-F800-4c08-8B7A-83BB121AAD01}</UniqueIdentifier>
      <Extensions>rc;ico;cur;bmp;dlg;rc2;rct;bin;rgs;gif;jpg;jpeg;jpe;resx;tiff;tif;png;wav;mfcribbon-ms</Extensions>
    </Filter>
    <Filter Include="ソース ファイル\Scene">
      <UniqueIdentifier>{f3aa1a34-7b58-4025-94f2-6fe748f977f5}</UniqueIdentifier>
    </Filter>
    <Filter Include="ヘッダー ファイル\Scene">
      <UniqueIdentifier>{841a2187-651a-4c64-9d6f-025a87dba484}</UniqueIdentifier>
    </Filter>
    <Filter Include="ソース ファイル\Util">
      <UniqueIdentifier>{9b2c7ff6-383a-44a6-b048-c6fc206fb1b3}</UniqueIdentifier>
    </Filter>
    <Filter Include="ヘッダー ファイル\Util">
      <UniqueIdentifier>{b80fc7a3-d6a7-4fd3-ba6f-b6181f55aa6c}</UniqueIdentifier>
    </Filter>
    <Filter Include="ソース ファイル\Object">
      <UniqueIdentifier>{4470708a-09f4-4350-8b02-bd3429b7815f}</UniqueIdentifier>
    </Filter>
    <Filter Include="ソース ファイル\MyLib">
      <UniqueIdentifier>{274fb26f-575c-4804-af94-b714a53e88f1}</UniqueIdentifier>
    </Filter>
    <Filter Include="ヘッダー ファイル\MyLib">
      <UniqueIdentifier>{822caae4-e5d1-4d71-be7a-e6a91655c31e}</UniqueIdentifier>
    </Filter>
    <Filter Include="ヘッダー ファイル\Object">
      <UniqueIdentifier>{2d00ee4c-f571-4e7e-afb0-28415d810091}</UniqueIdentifier>
    </Filter>
  </ItemGroup>
  <ItemGroup>
    <ClCompile Include="Main.cpp">
      <Filter>ソース ファイル</Filter>
    </ClCompile>
    <ClCompile Include="Scene\SceneTitle.cpp">
      <Filter>ソース ファイル\Scene</Filter>
    </ClCompile>
    <ClCompile Include="Scene\SceneBase.cpp">
      <Filter>ソース ファイル\Scene</Filter>
    </ClCompile>
    <ClCompile Include="Scene\SceneGame.cpp">
      <Filter>ソース ファイル\Scene</Filter>
    </ClCompile>
    <ClCompile Include="Scene\SceneManager.cpp">
      <Filter>ソース ファイル\Scene</Filter>
    </ClCompile>
    <ClCompile Include="ScenePause.cpp">
      <Filter>ソース ファイル\Scene</Filter>
    </ClCompile>
    <ClCompile Include="Util\Camera.cpp">
      <Filter>ソース ファイル\Util</Filter>
    </ClCompile>
    <ClCompile Include="CharacterBase.cpp">
      <Filter>ソース ファイル\Object</Filter>
    </ClCompile>
    <ClCompile Include="Player.cpp">
      <Filter>ソース ファイル\Object</Filter>
    </ClCompile>
    <ClCompile Include="Collidable.cpp">
      <Filter>ソース ファイル\MyLib</Filter>
    </ClCompile>
    <ClCompile Include="ColliderBase.cpp">
      <Filter>ソース ファイル\MyLib</Filter>
    </ClCompile>
    <ClCompile Include="ColliderCupsule.cpp">
      <Filter>ソース ファイル\MyLib</Filter>
    </ClCompile>
    <ClCompile Include="ColliderSphere.cpp">
      <Filter>ソース ファイル\MyLib</Filter>
    </ClCompile>
    <ClCompile Include="DebugDraw.cpp">
      <Filter>ソース ファイル\MyLib</Filter>
    </ClCompile>
    <ClCompile Include="Physics.cpp">
      <Filter>ソース ファイル\MyLib</Filter>
    </ClCompile>
    <ClCompile Include="Rigidbody.cpp">
      <Filter>ソース ファイル\MyLib</Filter>
    </ClCompile>
    <ClCompile Include="Vec3.cpp">
      <Filter>ソース ファイル\MyLib</Filter>
    </ClCompile>
    <ClCompile Include="Util\Input.cpp">
      <Filter>ソース ファイル\MyLib</Filter>
    </ClCompile>
    <ClCompile Include="LoadCSV.cpp">
      <Filter>ソース ファイル\Util</Filter>
    </ClCompile>
    <ClCompile Include="StateBase.cpp">
      <Filter>ソース ファイル</Filter>
    </ClCompile>
    <ClCompile Include="PlayerStateIdle.cpp">
      <Filter>ソース ファイル</Filter>
    </ClCompile>
    <ClCompile Include="PlayerStateWalk.cpp">
      <Filter>ソース ファイル</Filter>
    </ClCompile>
    <ClCompile Include="ModelManager.cpp">
      <Filter>ソース ファイル</Filter>
    </ClCompile>
    <ClCompile Include="ObjectBase.cpp">
      <Filter>ソース ファイル</Filter>
    </ClCompile>
    <ClCompile Include="HealPortion.cpp">
      <Filter>ソース ファイル</Filter>
    </ClCompile>
    <ClCompile Include="MapManager.cpp">
      <Filter>ソース ファイル</Filter>
    </ClCompile>
  </ItemGroup>
  <ItemGroup>
    <ClInclude Include="Scene\SceneBase.h">
      <Filter>ヘッダー ファイル\Scene</Filter>
    </ClInclude>
    <ClInclude Include="Scene\SceneGame.h">
      <Filter>ヘッダー ファイル\Scene</Filter>
    </ClInclude>
    <ClInclude Include="Scene\SceneManager.h">
      <Filter>ヘッダー ファイル\Scene</Filter>
    </ClInclude>
    <ClInclude Include="ScenePause.h">
      <Filter>ヘッダー ファイル\Scene</Filter>
    </ClInclude>
    <ClInclude Include="Scene\SceneTitle.h">
      <Filter>ヘッダー ファイル\Scene</Filter>
    </ClInclude>
    <ClInclude Include="Util\Camera.h">
      <Filter>ヘッダー ファイル\Util</Filter>
    </ClInclude>
    <ClInclude Include="Util\Game.h">
      <Filter>ヘッダー ファイル\Util</Filter>
    </ClInclude>
    <ClInclude Include="Collidable.h">
      <Filter>ヘッダー ファイル\MyLib</Filter>
    </ClInclude>
    <ClInclude Include="ColliderBase.h">
      <Filter>ヘッダー ファイル\MyLib</Filter>
    </ClInclude>
    <ClInclude Include="ColliderCupsule.h">
      <Filter>ヘッダー ファイル\MyLib</Filter>
    </ClInclude>
    <ClInclude Include="ColliderSphere.h">
      <Filter>ヘッダー ファイル\MyLib</Filter>
    </ClInclude>
    <ClInclude Include="DebugDraw.h">
      <Filter>ヘッダー ファイル\MyLib</Filter>
    </ClInclude>
    <ClInclude Include="GameObjectTag.h">
      <Filter>ヘッダー ファイル\MyLib</Filter>
    </ClInclude>
    <ClInclude Include="MyLib.h">
      <Filter>ヘッダー ファイル\MyLib</Filter>
    </ClInclude>
    <ClInclude Include="Physics.h">
      <Filter>ヘッダー ファイル\MyLib</Filter>
    </ClInclude>
    <ClInclude Include="Rigidbody.h">
      <Filter>ヘッダー ファイル\MyLib</Filter>
    </ClInclude>
    <ClInclude Include="Vec3.h">
      <Filter>ヘッダー ファイル\MyLib</Filter>
    </ClInclude>
    <ClInclude Include="Util\Input.h">
      <Filter>ヘッダー ファイル\MyLib</Filter>
    </ClInclude>
    <ClInclude Include="CharacterBase.h">
      <Filter>ヘッダー ファイル\Object</Filter>
    </ClInclude>
    <ClInclude Include="Player.h">
      <Filter>ヘッダー ファイル\Object</Filter>
    </ClInclude>
    <ClInclude Include="LoadCSV.h">
      <Filter>ヘッダー ファイル\Util</Filter>
    </ClInclude>
    <ClInclude Include="StateBase.h">
      <Filter>ヘッダー ファイル</Filter>
    </ClInclude>
    <ClInclude Include="PlayerStateIdle.h">
      <Filter>ヘッダー ファイル</Filter>
    </ClInclude>
    <ClInclude Include="PlayerStateWalk.h">
      <Filter>ヘッダー ファイル</Filter>
    </ClInclude>
    <ClInclude Include="ModelManager.h">
      <Filter>ヘッダー ファイル</Filter>
    </ClInclude>
    <ClInclude Include="ObjectBase.h">
      <Filter>ヘッダー ファイル</Filter>
    </ClInclude>
    <ClInclude Include="HealPortion.h">
      <Filter>ヘッダー ファイル</Filter>
    </ClInclude>
    <ClInclude Include="MapManager.h">
      <Filter>ヘッダー ファイル</Filter>
    </ClInclude>
  </ItemGroup>
</Project>